// !$*UTF8*$!
{
	archiveVersion = 1;
	classes = {
	};
	objectVersion = 77;
	objects = {

/* Begin PBXContainerItemProxy section */
		07D5C2C82DC84BB00036682E /* PBXContainerItemProxy */ = {
			isa = PBXContainerItemProxy;
			containerPortal = 07D5C2B22DC84BAF0036682E /* Project object */;
			proxyType = 1;
			remoteGlobalIDString = 07D5C2B92DC84BAF0036682E;
			remoteInfo = MessageSearchPOC;
		};
		07D5C2D22DC84BB00036682E /* PBXContainerItemProxy */ = {
			isa = PBXContainerItemProxy;
			containerPortal = 07D5C2B22DC84BAF0036682E /* Project object */;
			proxyType = 1;
			remoteGlobalIDString = 07D5C2B92DC84BAF0036682E;
			remoteInfo = MessageSearchPOC;
		};
/* End PBXContainerItemProxy section */

/* Begin PBXFileReference section */
		07D5C2BA2DC84BAF0036682E /* MessageSearchPOC.app */ = {isa = PBXFileReference; explicitFileType = wrapper.application; includeInIndex = 0; path = MessageSearchPOC.app; sourceTree = BUILT_PRODUCTS_DIR; };
		07D5C2C72DC84BB00036682E /* MessageSearchPOCTests.xctest */ = {isa = PBXFileReference; explicitFileType = wrapper.cfbundle; includeInIndex = 0; path = MessageSearchPOCTests.xctest; sourceTree = BUILT_PRODUCTS_DIR; };
		07D5C2D12DC84BB00036682E /* MessageSearchPOCUITests.xctest */ = {isa = PBXFileReference; explicitFileType = wrapper.cfbundle; includeInIndex = 0; path = MessageSearchPOCUITests.xctest; sourceTree = BUILT_PRODUCTS_DIR; };
/* End PBXFileReference section */

/* Begin PBXFileSystemSynchronizedRootGroup section */
		07D5C2BC2DC84BAF0036682E /* MessageSearchPOC */ = {
			isa = PBXFileSystemSynchronizedRootGroup;
			path = MessageSearchPOC;
			sourceTree = "<group>";
		};
		07D5C2CA2DC84BB00036682E /* MessageSearchPOCTests */ = {
			isa = PBXFileSystemSynchronizedRootGroup;
			path = MessageSearchPOCTests;
			sourceTree = "<group>";
		};
		07D5C2D42DC84BB00036682E /* MessageSearchPOCUITests */ = {
			isa = PBXFileSystemSynchronizedRootGroup;
			path = MessageSearchPOCUITests;
			sourceTree = "<group>";
		};
/* End PBXFileSystemSynchronizedRootGroup section */

/* Begin PBXFrameworksBuildPhase section */
		07D5C2B72DC84BAF0036682E /* Frameworks */ = {
			isa = PBXFrameworksBuildPhase;
			buildActionMask = 2147483647;
			files = (
			);
			runOnlyForDeploymentPostprocessing = 0;
		};
		07D5C2C42DC84BB00036682E /* Frameworks */ = {
			isa = PBXFrameworksBuildPhase;
			buildActionMask = 2147483647;
			files = (
			);
			runOnlyForDeploymentPostprocessing = 0;
		};
		07D5C2CE2DC84BB00036682E /* Frameworks */ = {
			isa = PBXFrameworksBuildPhase;
			buildActionMask = 2147483647;
			files = (
			);
			runOnlyForDeploymentPostprocessing = 0;
		};
/* End PBXFrameworksBuildPhase section */

/* Begin PBXGroup section */
		07D5C2B12DC84BAF0036682E = {
			isa = PBXGroup;
			children = (
				07D5C2BC2DC84BAF0036682E /* MessageSearchPOC */,
				07D5C2CA2DC84BB00036682E /* MessageSearchPOCTests */,
				07D5C2D42DC84BB00036682E /* MessageSearchPOCUITests */,
				07D5C2BB2DC84BAF0036682E /* Products */,
			);
			sourceTree = "<group>";
		};
		07D5C2BB2DC84BAF0036682E /* Products */ = {
			isa = PBXGroup;
			children = (
				07D5C2BA2DC84BAF0036682E /* MessageSearchPOC.app */,
				07D5C2C72DC84BB00036682E /* MessageSearchPOCTests.xctest */,
				07D5C2D12DC84BB00036682E /* MessageSearchPOCUITests.xctest */,
			);
			name = Products;
			sourceTree = "<group>";
		};
/* End PBXGroup section */

/* Begin PBXNativeTarget section */
		07D5C2B92DC84BAF0036682E /* MessageSearchPOC */ = {
			isa = PBXNativeTarget;
			buildConfigurationList = 07D5C2DB2DC84BB00036682E /* Build configuration list for PBXNativeTarget "MessageSearchPOC" */;
			buildPhases = (
				07D5C2B62DC84BAF0036682E /* Sources */,
				07D5C2B72DC84BAF0036682E /* Frameworks */,
				07D5C2B82DC84BAF0036682E /* Resources */,
			);
			buildRules = (
			);
			dependencies = (
			);
			fileSystemSynchronizedGroups = (
				07D5C2BC2DC84BAF0036682E /* MessageSearchPOC */,
			);
			name = MessageSearchPOC;
			packageProductDependencies = (
			);
			productName = MessageSearchPOC;
			productReference = 07D5C2BA2DC84BAF0036682E /* MessageSearchPOC.app */;
			productType = "com.apple.product-type.application";
		};
		07D5C2C62DC84BB00036682E /* MessageSearchPOCTests */ = {
			isa = PBXNativeTarget;
			buildConfigurationList = 07D5C2DE2DC84BB00036682E /* Build configuration list for PBXNativeTarget "MessageSearchPOCTests" */;
			buildPhases = (
				07D5C2C32DC84BB00036682E /* Sources */,
				07D5C2C42DC84BB00036682E /* Frameworks */,
				07D5C2C52DC84BB00036682E /* Resources */,
			);
			buildRules = (
			);
			dependencies = (
				07D5C2C92DC84BB00036682E /* PBXTargetDependency */,
			);
			fileSystemSynchronizedGroups = (
				07D5C2CA2DC84BB00036682E /* MessageSearchPOCTests */,
			);
			name = MessageSearchPOCTests;
			packageProductDependencies = (
			);
			productName = MessageSearchPOCTests;
			productReference = 07D5C2C72DC84BB00036682E /* MessageSearchPOCTests.xctest */;
			productType = "com.apple.product-type.bundle.unit-test";
		};
		07D5C2D02DC84BB00036682E /* MessageSearchPOCUITests */ = {
			isa = PBXNativeTarget;
			buildConfigurationList = 07D5C2E12DC84BB00036682E /* Build configuration list for PBXNativeTarget "MessageSearchPOCUITests" */;
			buildPhases = (
				07D5C2CD2DC84BB00036682E /* Sources */,
				07D5C2CE2DC84BB00036682E /* Frameworks */,
				07D5C2CF2DC84BB00036682E /* Resources */,
			);
			buildRules = (
			);
			dependencies = (
				07D5C2D32DC84BB00036682E /* PBXTargetDependency */,
			);
			fileSystemSynchronizedGroups = (
				07D5C2D42DC84BB00036682E /* MessageSearchPOCUITests */,
			);
			name = MessageSearchPOCUITests;
			packageProductDependencies = (
			);
			productName = MessageSearchPOCUITests;
			productReference = 07D5C2D12DC84BB00036682E /* MessageSearchPOCUITests.xctest */;
			productType = "com.apple.product-type.bundle.ui-testing";
		};
/* End PBXNativeTarget section */

/* Begin PBXProject section */
		07D5C2B22DC84BAF0036682E /* Project object */ = {
			isa = PBXProject;
			attributes = {
				BuildIndependentTargetsInParallel = 1;
				LastSwiftUpdateCheck = 1630;
				LastUpgradeCheck = 1630;
				TargetAttributes = {
					07D5C2B92DC84BAF0036682E = {
						CreatedOnToolsVersion = 16.3;
					};
					07D5C2C62DC84BB00036682E = {
						CreatedOnToolsVersion = 16.3;
						TestTargetID = 07D5C2B92DC84BAF0036682E;
					};
					07D5C2D02DC84BB00036682E = {
						CreatedOnToolsVersion = 16.3;
						TestTargetID = 07D5C2B92DC84BAF0036682E;
					};
				};
			};
			buildConfigurationList = 07D5C2B52DC84BAF0036682E /* Build configuration list for PBXProject "MessageSearchPOC" */;
			developmentRegion = en;
			hasScannedForEncodings = 0;
			knownRegions = (
				en,
				Base,
			);
			mainGroup = 07D5C2B12DC84BAF0036682E;
			minimizedProjectReferenceProxies = 1;
			preferredProjectObjectVersion = 77;
			productRefGroup = 07D5C2BB2DC84BAF0036682E /* Products */;
			projectDirPath = "";
			projectRoot = "";
			targets = (
				07D5C2B92DC84BAF0036682E /* MessageSearchPOC */,
				07D5C2C62DC84BB00036682E /* MessageSearchPOCTests */,
				07D5C2D02DC84BB00036682E /* MessageSearchPOCUITests */,
			);
		};
/* End PBXProject section */

/* Begin PBXResourcesBuildPhase section */
		07D5C2B82DC84BAF0036682E /* Resources */ = {
			isa = PBXResourcesBuildPhase;
			buildActionMask = 2147483647;
			files = (
			);
			runOnlyForDeploymentPostprocessing = 0;
		};
		07D5C2C52DC84BB00036682E /* Resources */ = {
			isa = PBXResourcesBuildPhase;
			buildActionMask = 2147483647;
			files = (
			);
			runOnlyForDeploymentPostprocessing = 0;
		};
		07D5C2CF2DC84BB00036682E /* Resources */ = {
			isa = PBXResourcesBuildPhase;
			buildActionMask = 2147483647;
			files = (
			);
			runOnlyForDeploymentPostprocessing = 0;
		};
/* End PBXResourcesBuildPhase section */

/* Begin PBXSourcesBuildPhase section */
		07D5C2B62DC84BAF0036682E /* Sources */ = {
			isa = PBXSourcesBuildPhase;
			buildActionMask = 2147483647;
			files = (
			);
			runOnlyForDeploymentPostprocessing = 0;
		};
		07D5C2C32DC84BB00036682E /* Sources */ = {
			isa = PBXSourcesBuildPhase;
			buildActionMask = 2147483647;
			files = (
			);
			runOnlyForDeploymentPostprocessing = 0;
		};
		07D5C2CD2DC84BB00036682E /* Sources */ = {
			isa = PBXSourcesBuildPhase;
			buildActionMask = 2147483647;
			files = (
			);
			runOnlyForDeploymentPostprocessing = 0;
		};
/* End PBXSourcesBuildPhase section */

/* Begin PBXTargetDependency section */
		07D5C2C92DC84BB00036682E /* PBXTargetDependency */ = {
			isa = PBXTargetDependency;
			target = 07D5C2B92DC84BAF0036682E /* MessageSearchPOC */;
			targetProxy = 07D5C2C82DC84BB00036682E /* PBXContainerItemProxy */;
		};
		07D5C2D32DC84BB00036682E /* PBXTargetDependency */ = {
			isa = PBXTargetDependency;
			target = 07D5C2B92DC84BAF0036682E /* MessageSearchPOC */;
			targetProxy = 07D5C2D22DC84BB00036682E /* PBXContainerItemProxy */;
		};
/* End PBXTargetDependency section */

/* Begin XCBuildConfiguration section */
		07D5C2D92DC84BB00036682E /* Debug */ = {
			isa = XCBuildConfiguration;
			buildSettings = {
				ALWAYS_SEARCH_USER_PATHS = NO;
				ASSETCATALOG_COMPILER_GENERATE_SWIFT_ASSET_SYMBOL_EXTENSIONS = YES;
				CLANG_ANALYZER_NONNULL = YES;
				CLANG_ANALYZER_NUMBER_OBJECT_CONVERSION = YES_AGGRESSIVE;
				CLANG_CXX_LANGUAGE_STANDARD = "gnu++20";
				CLANG_ENABLE_MODULES = YES;
				CLANG_ENABLE_OBJC_ARC = YES;
				CLANG_ENABLE_OBJC_WEAK = YES;
				CLANG_WARN_BLOCK_CAPTURE_AUTORELEASING = YES;
				CLANG_WARN_BOOL_CONVERSION = YES;
				CLANG_WARN_COMMA = YES;
				CLANG_WARN_CONSTANT_CONVERSION = YES;
				CLANG_WARN_DEPRECATED_OBJC_IMPLEMENTATIONS = YES;
				CLANG_WARN_DIRECT_OBJC_ISA_USAGE = YES_ERROR;
				CLANG_WARN_DOCUMENTATION_COMMENTS = YES;
				CLANG_WARN_EMPTY_BODY = YES;
				CLANG_WARN_ENUM_CONVERSION = YES;
				CLANG_WARN_INFINITE_RECURSION = YES;
				CLANG_WARN_INT_CONVERSION = YES;
				CLANG_WARN_NON_LITERAL_NULL_CONVERSION = YES;
				CLANG_WARN_OBJC_IMPLICIT_RETAIN_SELF = YES;
				CLANG_WARN_OBJC_LITERAL_CONVERSION = YES;
				CLANG_WARN_OBJC_ROOT_CLASS = YES_ERROR;
				CLANG_WARN_QUOTED_INCLUDE_IN_FRAMEWORK_HEADER = YES;
				CLANG_WARN_RANGE_LOOP_ANALYSIS = YES;
				CLANG_WARN_STRICT_PROTOTYPES = YES;
				CLANG_WARN_SUSPICIOUS_MOVE = YES;
				CLANG_WARN_UNGUARDED_AVAILABILITY = YES_AGGRESSIVE;
				CLANG_WARN_UNREACHABLE_CODE = YES;
				CLANG_WARN__DUPLICATE_METHOD_MATCH = YES;
				COPY_PHASE_STRIP = NO;
				DEBUG_INFORMATION_FORMAT = dwarf;
				ENABLE_STRICT_OBJC_MSGSEND = YES;
				ENABLE_TESTABILITY = YES;
				ENABLE_USER_SCRIPT_SANDBOXING = YES;
				GCC_C_LANGUAGE_STANDARD = gnu17;
				GCC_DYNAMIC_NO_PIC = NO;
				GCC_NO_COMMON_BLOCKS = YES;
				GCC_OPTIMIZATION_LEVEL = 0;
				GCC_PREPROCESSOR_DEFINITIONS = (
					"DEBUG=1",
					"$(inherited)",
				);
				GCC_WARN_64_TO_32_BIT_CONVERSION = YES;
				GCC_WARN_ABOUT_RETURN_TYPE = YES_ERROR;
				GCC_WARN_UNDECLARED_SELECTOR = YES;
				GCC_WARN_UNINITIALIZED_AUTOS = YES_AGGRESSIVE;
				GCC_WARN_UNUSED_FUNCTION = YES;
				GCC_WARN_UNUSED_VARIABLE = YES;
				IPHONEOS_DEPLOYMENT_TARGET = 18.4;
				LOCALIZATION_PREFERS_STRING_CATALOGS = YES;
				MTL_ENABLE_DEBUG_INFO = INCLUDE_SOURCE;
				MTL_FAST_MATH = YES;
				ONLY_ACTIVE_ARCH = YES;
				SDKROOT = iphoneos;
				SWIFT_ACTIVE_COMPILATION_CONDITIONS = "DEBUG $(inherited)";
				SWIFT_OPTIMIZATION_LEVEL = "-Onone";
			};
			name = Debug;
		};
		07D5C2DA2DC84BB00036682E /* Release */ = {
			isa = XCBuildConfiguration;
			buildSettings = {
				ALWAYS_SEARCH_USER_PATHS = NO;
				ASSETCATALOG_COMPILER_GENERATE_SWIFT_ASSET_SYMBOL_EXTENSIONS = YES;
				CLANG_ANALYZER_NONNULL = YES;
				CLANG_ANALYZER_NUMBER_OBJECT_CONVERSION = YES_AGGRESSIVE;
				CLANG_CXX_LANGUAGE_STANDARD = "gnu++20";
				CLANG_ENABLE_MODULES = YES;
				CLANG_ENABLE_OBJC_ARC = YES;
				CLANG_ENABLE_OBJC_WEAK = YES;
				CLANG_WARN_BLOCK_CAPTURE_AUTORELEASING = YES;
				CLANG_WARN_BOOL_CONVERSION = YES;
				CLANG_WARN_COMMA = YES;
				CLANG_WARN_CONSTANT_CONVERSION = YES;
				CLANG_WARN_DEPRECATED_OBJC_IMPLEMENTATIONS = YES;
				CLANG_WARN_DIRECT_OBJC_ISA_USAGE = YES_ERROR;
				CLANG_WARN_DOCUMENTATION_COMMENTS = YES;
				CLANG_WARN_EMPTY_BODY = YES;
				CLANG_WARN_ENUM_CONVERSION = YES;
				CLANG_WARN_INFINITE_RECURSION = YES;
				CLANG_WARN_INT_CONVERSION = YES;
				CLANG_WARN_NON_LITERAL_NULL_CONVERSION = YES;
				CLANG_WARN_OBJC_IMPLICIT_RETAIN_SELF = YES;
				CLANG_WARN_OBJC_LITERAL_CONVERSION = YES;
				CLANG_WARN_OBJC_ROOT_CLASS = YES_ERROR;
				CLANG_WARN_QUOTED_INCLUDE_IN_FRAMEWORK_HEADER = YES;
				CLANG_WARN_RANGE_LOOP_ANALYSIS = YES;
				CLANG_WARN_STRICT_PROTOTYPES = YES;
				CLANG_WARN_SUSPICIOUS_MOVE = YES;
				CLANG_WARN_UNGUARDED_AVAILABILITY = YES_AGGRESSIVE;
				CLANG_WARN_UNREACHABLE_CODE = YES;
				CLANG_WARN__DUPLICATE_METHOD_MATCH = YES;
				COPY_PHASE_STRIP = NO;
				DEBUG_INFORMATION_FORMAT = "dwarf-with-dsym";
				ENABLE_NS_ASSERTIONS = NO;
				ENABLE_STRICT_OBJC_MSGSEND = YES;
				ENABLE_USER_SCRIPT_SANDBOXING = YES;
				GCC_C_LANGUAGE_STANDARD = gnu17;
				GCC_NO_COMMON_BLOCKS = YES;
				GCC_WARN_64_TO_32_BIT_CONVERSION = YES;
				GCC_WARN_ABOUT_RETURN_TYPE = YES_ERROR;
				GCC_WARN_UNDECLARED_SELECTOR = YES;
				GCC_WARN_UNINITIALIZED_AUTOS = YES_AGGRESSIVE;
				GCC_WARN_UNUSED_FUNCTION = YES;
				GCC_WARN_UNUSED_VARIABLE = YES;
				IPHONEOS_DEPLOYMENT_TARGET = 18.4;
				LOCALIZATION_PREFERS_STRING_CATALOGS = YES;
				MTL_ENABLE_DEBUG_INFO = NO;
				MTL_FAST_MATH = YES;
				SDKROOT = iphoneos;
				SWIFT_COMPILATION_MODE = wholemodule;
				VALIDATE_PRODUCT = YES;
			};
			name = Release;
		};
		07D5C2DC2DC84BB00036682E /* Debug */ = {
			isa = XCBuildConfiguration;
			buildSettings = {
				ASSETCATALOG_COMPILER_APPICON_NAME = AppIcon;
				ASSETCATALOG_COMPILER_GLOBAL_ACCENT_COLOR_NAME = AccentColor;
				CODE_SIGN_STYLE = Automatic;
				CURRENT_PROJECT_VERSION = 1;
				DEVELOPMENT_TEAM = J2RQ3V5TA4;
				ENABLE_PREVIEWS = YES;
				GENERATE_INFOPLIST_FILE = YES;
				INFOPLIST_KEY_UIApplicationSceneManifest_Generation = YES;
				INFOPLIST_KEY_UIApplicationSupportsIndirectInputEvents = YES;
				INFOPLIST_KEY_UILaunchScreen_Generation = YES;
				INFOPLIST_KEY_UISupportedInterfaceOrientations_iPad = "UIInterfaceOrientationPortrait UIInterfaceOrientationPortraitUpsideDown UIInterfaceOrientationLandscapeLeft UIInterfaceOrientationLandscapeRight";
				INFOPLIST_KEY_UISupportedInterfaceOrientations_iPhone = "UIInterfaceOrientationPortrait UIInterfaceOrientationLandscapeLeft UIInterfaceOrientationLandscapeRight";
				LD_RUNPATH_SEARCH_PATHS = (
					"$(inherited)",
					"@executable_path/Frameworks",
				);
				MARKETING_VERSION = 1.0;
				PRODUCT_BUNDLE_IDENTIFIER = com.esr.MessageSearchPOC;
				PRODUCT_NAME = "$(TARGET_NAME)";
				SWIFT_EMIT_LOC_STRINGS = YES;
				SWIFT_VERSION = 5.0;
				TARGETED_DEVICE_FAMILY = "1,2";
			};
			name = Debug;
		};
		07D5C2DD2DC84BB00036682E /* Release */ = {
			isa = XCBuildConfiguration;
			buildSettings = {
				ASSETCATALOG_COMPILER_APPICON_NAME = AppIcon;
				ASSETCATALOG_COMPILER_GLOBAL_ACCENT_COLOR_NAME = AccentColor;
				CODE_SIGN_STYLE = Automatic;
				CURRENT_PROJECT_VERSION = 1;
				DEVELOPMENT_TEAM = J2RQ3V5TA4;
				ENABLE_PREVIEWS = YES;
				GENERATE_INFOPLIST_FILE = YES;
				INFOPLIST_KEY_UIApplicationSceneManifest_Generation = YES;
				INFOPLIST_KEY_UIApplicationSupportsIndirectInputEvents = YES;
				INFOPLIST_KEY_UILaunchScreen_Generation = YES;
				INFOPLIST_KEY_UISupportedInterfaceOrientations_iPad = "UIInterfaceOrientationPortrait UIInterfaceOrientationPortraitUpsideDown UIInterfaceOrientationLandscapeLeft UIInterfaceOrientationLandscapeRight";
				INFOPLIST_KEY_UISupportedInterfaceOrientations_iPhone = "UIInterfaceOrientationPortrait UIInterfaceOrientationLandscapeLeft UIInterfaceOrientationLandscapeRight";
				LD_RUNPATH_SEARCH_PATHS = (
					"$(inherited)",
					"@executable_path/Frameworks",
				);
				MARKETING_VERSION = 1.0;
				PRODUCT_BUNDLE_IDENTIFIER = com.esr.MessageSearchPOC;
				PRODUCT_NAME = "$(TARGET_NAME)";
				SWIFT_EMIT_LOC_STRINGS = YES;
				SWIFT_VERSION = 5.0;
				TARGETED_DEVICE_FAMILY = "1,2";
			};
			name = Release;
		};
		07D5C2DF2DC84BB00036682E /* Debug */ = {
			isa = XCBuildConfiguration;
			buildSettings = {
				BUNDLE_LOADER = "$(TEST_HOST)";
				CODE_SIGN_STYLE = Automatic;
				CURRENT_PROJECT_VERSION = 1;
				GENERATE_INFOPLIST_FILE = YES;
				IPHONEOS_DEPLOYMENT_TARGET = 18.4;
				MARKETING_VERSION = 1.0;
				PRODUCT_BUNDLE_IDENTIFIER = com.esr.MessageSearchPOCTests;
				PRODUCT_NAME = "$(TARGET_NAME)";
				SWIFT_EMIT_LOC_STRINGS = NO;
				SWIFT_VERSION = 5.0;
				TARGETED_DEVICE_FAMILY = "1,2";
				TEST_HOST = "$(BUILT_PRODUCTS_DIR)/MessageSearchPOC.app/$(BUNDLE_EXECUTABLE_FOLDER_PATH)/MessageSearchPOC";
			};
			name = Debug;
		};
		07D5C2E02DC84BB00036682E /* Release */ = {
			isa = XCBuildConfiguration;
			buildSettings = {
				BUNDLE_LOADER = "$(TEST_HOST)";
				CODE_SIGN_STYLE = Automatic;
				CURRENT_PROJECT_VERSION = 1;
				GENERATE_INFOPLIST_FILE = YES;
				IPHONEOS_DEPLOYMENT_TARGET = 18.4;
				MARKETING_VERSION = 1.0;
				PRODUCT_BUNDLE_IDENTIFIER = com.esr.MessageSearchPOCTests;
				PRODUCT_NAME = "$(TARGET_NAME)";
				SWIFT_EMIT_LOC_STRINGS = NO;
				SWIFT_VERSION = 5.0;
				TARGETED_DEVICE_FAMILY = "1,2";
				TEST_HOST = "$(BUILT_PRODUCTS_DIR)/MessageSearchPOC.app/$(BUNDLE_EXECUTABLE_FOLDER_PATH)/MessageSearchPOC";
			};
			name = Release;
		};
		07D5C2E22DC84BB00036682E /* Debug */ = {
			isa = XCBuildConfiguration;
			buildSettings = {
				CODE_SIGN_STYLE = Automatic;
				CURRENT_PROJECT_VERSION = 1;
				GENERATE_INFOPLIST_FILE = YES;
				MARKETING_VERSION = 1.0;
				PRODUCT_BUNDLE_IDENTIFIER = com.esr.MessageSearchPOCUITests;
				PRODUCT_NAME = "$(TARGET_NAME)";
				SWIFT_EMIT_LOC_STRINGS = NO;
				SWIFT_VERSION = 5.0;
				TARGETED_DEVICE_FAMILY = "1,2";
				TEST_TARGET_NAME = MessageSearchPOC;
			};
			name = Debug;
		};
		07D5C2E32DC84BB00036682E /* Release */ = {
			isa = XCBuildConfiguration;
			buildSettings = {
				CODE_SIGN_STYLE = Automatic;
				CURRENT_PROJECT_VERSION = 1;
				GENERATE_INFOPLIST_FILE = YES;
				MARKETING_VERSION = 1.0;
				PRODUCT_BUNDLE_IDENTIFIER = com.esr.MessageSearchPOCUITests;
				PRODUCT_NAME = "$(TARGET_NAME)";
				SWIFT_EMIT_LOC_STRINGS = NO;
				SWIFT_VERSION = 5.0;
				TARGETED_DEVICE_FAMILY = "1,2";
				TEST_TARGET_NAME = MessageSearchPOC;
			};
			name = Release;
		};
/* End XCBuildConfiguration section */

/* Begin XCConfigurationList section */
		07D5C2B52DC84BAF0036682E /* Build configuration list for PBXProject "MessageSearchPOC" */ = {
			isa = XCConfigurationList;
			buildConfigurations = (
				07D5C2D92DC84BB00036682E /* Debug */,
				07D5C2DA2DC84BB00036682E /* Release */,
			);
			defaultConfigurationIsVisible = 0;
			defaultConfigurationName = Release;
		};
		07D5C2DB2DC84BB00036682E /* Build configuration list for PBXNativeTarget "MessageSearchPOC" */ = {
			isa = XCConfigurationList;
			buildConfigurations = (
				07D5C2DC2DC84BB00036682E /* Debug */,
				07D5C2DD2DC84BB00036682E /* Release */,
			);
			defaultConfigurationIsVisible = 0;
			defaultConfigurationName = Release;
		};
		07D5C2DE2DC84BB00036682E /* Build configuration list for PBXNativeTarget "MessageSearchPOCTests" */ = {
			isa = XCConfigurationList;
			buildConfigurations = (
				07D5C2DF2DC84BB00036682E /* Debug */,
				07D5C2E02DC84BB00036682E /* Release */,
			);
			defaultConfigurationIsVisible = 0;
			defaultConfigurationName = Release;
		};
		07D5C2E12DC84BB00036682E /* Build configuration list for PBXNativeTarget "MessageSearchPOCUITests" */ = {
			isa = XCConfigurationList;
			buildConfigurations = (
				07D5C2E22DC84BB00036682E /* Debug */,
				07D5C2E32DC84BB00036682E /* Release */,
			);
			defaultConfigurationIsVisible = 0;
			defaultConfigurationName = Release;
		};
/* End XCConfigurationList section */
	};
	rootObject = 07D5C2B22DC84BAF0036682E /* Project object */;
}
